
Microsoft Visual Studio Solution File, Format Version 12.00
# Visual Studio 14
VisualStudioVersion = 14.0.25420.1
MinimumVisualStudioVersion = 10.0.40219.1
Project("{2150E333-8FDC-42A3-9474-1A3956D46DE8}") = ".nuget", ".nuget", "{F7214123-8EEE-4ED5-8D20-1ED2180A2F8F}"
	ProjectSection(SolutionItems) = preProject
		.nuget\NuGet.Config = .nuget\NuGet.Config
		.nuget\NuGet.exe = .nuget\NuGet.exe
		.nuget\NuGet.targets = .nuget\NuGet.targets
	EndProjectSection
EndProject
Project("{FAE04EC0-301F-11D3-BF4B-00C04F79EFBC}") = "Corspro.Services", "Corspro.Services\Corspro.Services.csproj", "{D64A1ABC-1463-46E4-88B1-E9E0B97435E1}"
EndProject
Project("{FAE04EC0-301F-11D3-BF4B-00C04F79EFBC}") = "Corspro.Domain", "Corspro.Domain\Corspro.Domain.csproj", "{0D430465-39FC-4ED5-8778-98DE8B7F619D}"
EndProject
Project("{FAE04EC0-301F-11D3-BF4B-00C04F79EFBC}") = "Corspro.Domain.External", "Corspro.Domain.External\Corspro.Domain.External.csproj", "{1C6B10DF-D47D-4856-909C-C38063D1337C}"
EndProject
Project("{FAE04EC0-301F-11D3-BF4B-00C04F79EFBC}") = "Corspro.Data.External", "Corspro.Data.External\Corspro.Data.External.csproj", "{6A35E0C5-BD09-453E-AEA8-8B242ABBC257}"
EndProject
Project("{FAE04EC0-301F-11D3-BF4B-00C04F79EFBC}") = "Corspro.Business.External", "Corspro.Business.External\Corspro.Business.External.csproj", "{F13899B9-8E46-44E5-B605-23A8CF384254}"
EndProject
Project("{FAE04EC0-301F-11D3-BF4B-00C04F79EFBC}") = "Corspro.Reporting.App", "Corspro.Reporting.App\Corspro.Reporting.App.csproj", "{7D111C29-A5E4-4AAA-9906-ED123B2CAE98}"
EndProject
Project("{FAE04EC0-301F-11D3-BF4B-00C04F79EFBC}") = "Corspro.WCFUpdateService", "Corspro.Reporting.App\Corspro.WCFUpdateService\Corspro.WCFUpdateService.csproj", "{576B15E2-707D-4F94-A48E-EB91D1CECA27}"
EndProject
Global
	GlobalSection(SolutionConfigurationPlatforms) = preSolution
		Debug|Any CPU = Debug|Any CPU
		Debug|Mixed Platforms = Debug|Mixed Platforms
		Debug|x64 = Debug|x64
		Debug|x86 = Debug|x86
		Release|Any CPU = Release|Any CPU
		Release|Mixed Platforms = Release|Mixed Platforms
		Release|x64 = Release|x64
		Release|x86 = Release|x86
	EndGlobalSection
	GlobalSection(ProjectConfigurationPlatforms) = postSolution
		{D64A1ABC-1463-46E4-88B1-E9E0B97435E1}.Debug|Any CPU.ActiveCfg = Debug|Any CPU
		{D64A1ABC-1463-46E4-88B1-E9E0B97435E1}.Debug|Any CPU.Build.0 = Debug|Any CPU
		{D64A1ABC-1463-46E4-88B1-E9E0B97435E1}.Debug|Mixed Platforms.ActiveCfg = Debug|Any CPU
		{D64A1ABC-1463-46E4-88B1-E9E0B97435E1}.Debug|Mixed Platforms.Build.0 = Debug|Any CPU
		{D64A1ABC-1463-46E4-88B1-E9E0B97435E1}.Debug|x64.ActiveCfg = Debug|Any CPU
		{D64A1ABC-1463-46E4-88B1-E9E0B97435E1}.Debug|x86.ActiveCfg = Debug|Any CPU
		{D64A1ABC-1463-46E4-88B1-E9E0B97435E1}.Release|Any CPU.ActiveCfg = Release|Any CPU
		{D64A1ABC-1463-46E4-88B1-E9E0B97435E1}.Release|Any CPU.Build.0 = Release|Any CPU
		{D64A1ABC-1463-46E4-88B1-E9E0B97435E1}.Release|Mixed Platforms.ActiveCfg = Release|Any CPU
		{D64A1ABC-1463-46E4-88B1-E9E0B97435E1}.Release|Mixed Platforms.Build.0 = Release|Any CPU
		{D64A1ABC-1463-46E4-88B1-E9E0B97435E1}.Release|x64.ActiveCfg = Release|Any CPU
		{D64A1ABC-1463-46E4-88B1-E9E0B97435E1}.Release|x86.ActiveCfg = Release|Any CPU
		{0D430465-39FC-4ED5-8778-98DE8B7F619D}.Debug|Any CPU.ActiveCfg = Debug|Any CPU
		{0D430465-39FC-4ED5-8778-98DE8B7F619D}.Debug|Any CPU.Build.0 = Debug|Any CPU
		{0D430465-39FC-4ED5-8778-98DE8B7F619D}.Debug|Mixed Platforms.ActiveCfg = Debug|Any CPU
		{0D430465-39FC-4ED5-8778-98DE8B7F619D}.Debug|Mixed Platforms.Build.0 = Debug|Any CPU
		{0D430465-39FC-4ED5-8778-98DE8B7F619D}.Debug|x64.ActiveCfg = Debug|Any CPU
		{0D430465-39FC-4ED5-8778-98DE8B7F619D}.Debug|x86.ActiveCfg = Debug|Any CPU
		{0D430465-39FC-4ED5-8778-98DE8B7F619D}.Release|Any CPU.ActiveCfg = Release|Any CPU
		{0D430465-39FC-4ED5-8778-98DE8B7F619D}.Release|Any CPU.Build.0 = Release|Any CPU
		{0D430465-39FC-4ED5-8778-98DE8B7F619D}.Release|Mixed Platforms.ActiveCfg = Release|Any CPU
		{0D430465-39FC-4ED5-8778-98DE8B7F619D}.Release|Mixed Platforms.Build.0 = Release|Any CPU
		{0D430465-39FC-4ED5-8778-98DE8B7F619D}.Release|x64.ActiveCfg = Release|Any CPU
		{0D430465-39FC-4ED5-8778-98DE8B7F619D}.Release|x86.ActiveCfg = Release|Any CPU
		{1C6B10DF-D47D-4856-909C-C38063D1337C}.Debug|Any CPU.ActiveCfg = Debug|Any CPU
		{1C6B10DF-D47D-4856-909C-C38063D1337C}.Debug|Any CPU.Build.0 = Debug|Any CPU
		{1C6B10DF-D47D-4856-909C-C38063D1337C}.Debug|Mixed Platforms.ActiveCfg = Debug|Any CPU
		{1C6B10DF-D47D-4856-909C-C38063D1337C}.Debug|Mixed Platforms.Build.0 = Debug|Any CPU
		{1C6B10DF-D47D-4856-909C-C38063D1337C}.Debug|x64.ActiveCfg = Debug|Any CPU
		{1C6B10DF-D47D-4856-909C-C38063D1337C}.Debug|x86.ActiveCfg = Debug|Any CPU
		{1C6B10DF-D47D-4856-909C-C38063D1337C}.Release|Any CPU.ActiveCfg = Release|Any CPU
		{1C6B10DF-D47D-4856-909C-C38063D1337C}.Release|Any CPU.Build.0 = Release|Any CPU
		{1C6B10DF-D47D-4856-909C-C38063D1337C}.Release|Mixed Platforms.ActiveCfg = Release|Any CPU
		{1C6B10DF-D47D-4856-909C-C38063D1337C}.Release|Mixed Platforms.Build.0 = Release|Any CPU
		{1C6B10DF-D47D-4856-909C-C38063D1337C}.Release|x64.ActiveCfg = Release|Any CPU
		{1C6B10DF-D47D-4856-909C-C38063D1337C}.Release|x86.ActiveCfg = Release|Any CPU
		{6A35E0C5-BD09-453E-AEA8-8B242ABBC257}.Debug|Any CPU.ActiveCfg = Debug|Any CPU
		{6A35E0C5-BD09-453E-AEA8-8B242ABBC257}.Debug|Any CPU.Build.0 = Debug|Any CPU
		{6A35E0C5-BD09-453E-AEA8-8B242ABBC257}.Debug|Mixed Platforms.ActiveCfg = Debug|Any CPU
		{6A35E0C5-BD09-453E-AEA8-8B242ABBC257}.Debug|Mixed Platforms.Build.0 = Debug|Any CPU
		{6A35E0C5-BD09-453E-AEA8-8B242ABBC257}.Debug|x64.ActiveCfg = Debug|Any CPU
		{6A35E0C5-BD09-453E-AEA8-8B242ABBC257}.Debug|x86.ActiveCfg = Debug|Any CPU
		{6A35E0C5-BD09-453E-AEA8-8B242ABBC257}.Release|Any CPU.ActiveCfg = Release|Any CPU
		{6A35E0C5-BD09-453E-AEA8-8B242ABBC257}.Release|Any CPU.Build.0 = Release|Any CPU
		{6A35E0C5-BD09-453E-AEA8-8B242ABBC257}.Release|Mixed Platforms.ActiveCfg = Release|Any CPU
		{6A35E0C5-BD09-453E-AEA8-8B242ABBC257}.Release|Mixed Platforms.Build.0 = Release|Any CPU
		{6A35E0C5-BD09-453E-AEA8-8B242ABBC257}.Release|x64.ActiveCfg = Release|Any CPU
		{6A35E0C5-BD09-453E-AEA8-8B242ABBC257}.Release|x86.ActiveCfg = Release|Any CPU
		{F13899B9-8E46-44E5-B605-23A8CF384254}.Debug|Any CPU.ActiveCfg = Debug|Any CPU
		{F13899B9-8E46-44E5-B605-23A8CF384254}.Debug|Any CPU.Build.0 = Debug|Any CPU
		{F13899B9-8E46-44E5-B605-23A8CF384254}.Debug|Mixed Platforms.ActiveCfg = Debug|Any CPU
		{F13899B9-8E46-44E5-B605-23A8CF384254}.Debug|Mixed Platforms.Build.0 = Debug|Any CPU
		{F13899B9-8E46-44E5-B605-23A8CF384254}.Debug|x64.ActiveCfg = Debug|Any CPU
		{F13899B9-8E46-44E5-B605-23A8CF384254}.Debug|x86.ActiveCfg = Debug|Any CPU
		{F13899B9-8E46-44E5-B605-23A8CF384254}.Release|Any CPU.ActiveCfg = Release|Any CPU
		{F13899B9-8E46-44E5-B605-23A8CF384254}.Release|Any CPU.Build.0 = Release|Any CPU
		{F13899B9-8E46-44E5-B605-23A8CF384254}.Release|Mixed Platforms.ActiveCfg = Release|Any CPU
		{F13899B9-8E46-44E5-B605-23A8CF384254}.Release|Mixed Platforms.Build.0 = Release|Any CPU
		{F13899B9-8E46-44E5-B605-23A8CF384254}.Release|x64.ActiveCfg = Release|Any CPU
		{F13899B9-8E46-44E5-B605-23A8CF384254}.Release|x86.ActiveCfg = Release|Any CPU
		{7D111C29-A5E4-4AAA-9906-ED123B2CAE98}.Debug|Any CPU.ActiveCfg = Debug|Any CPU
		{7D111C29-A5E4-4AAA-9906-ED123B2CAE98}.Debug|Any CPU.Build.0 = Debug|Any CPU
		{7D111C29-A5E4-4AAA-9906-ED123B2CAE98}.Debug|Mixed Platforms.ActiveCfg = Debug|Any CPU
		{7D111C29-A5E4-4AAA-9906-ED123B2CAE98}.Debug|Mixed Platforms.Build.0 = Debug|Any CPU
		{7D111C29-A5E4-4AAA-9906-ED123B2CAE98}.Debug|x64.ActiveCfg = Debug|Any CPU
		{7D111C29-A5E4-4AAA-9906-ED123B2CAE98}.Debug|x86.ActiveCfg = Debug|Any CPU
		{7D111C29-A5E4-4AAA-9906-ED123B2CAE98}.Release|Any CPU.ActiveCfg = Release|Any CPU
		{7D111C29-A5E4-4AAA-9906-ED123B2CAE98}.Release|Any CPU.Build.0 = Release|Any CPU
		{7D111C29-A5E4-4AAA-9906-ED123B2CAE98}.Release|Mixed Platforms.ActiveCfg = Release|Any CPU
		{7D111C29-A5E4-4AAA-9906-ED123B2CAE98}.Release|Mixed Platforms.Build.0 = Release|Any CPU
		{7D111C29-A5E4-4AAA-9906-ED123B2CAE98}.Release|x64.ActiveCfg = Release|Any CPU
		{7D111C29-A5E4-4AAA-9906-ED123B2CAE98}.Release|x86.ActiveCfg = Release|Any CPU
		{576B15E2-707D-4F94-A48E-EB91D1CECA27}.Debug|Any CPU.ActiveCfg = Debug|Any CPU
		{576B15E2-707D-4F94-A48E-EB91D1CECA27}.Debug|Any CPU.Build.0 = Debug|Any CPU
		{576B15E2-707D-4F94-A48E-EB91D1CECA27}.Debug|Mixed Platforms.ActiveCfg = Debug|Any CPU
		{576B15E2-707D-4F94-A48E-EB91D1CECA27}.Debug|Mixed Platforms.Build.0 = Debug|Any CPU
		{576B15E2-707D-4F94-A48E-EB91D1CECA27}.Debug|x64.ActiveCfg = Debug|Any CPU
		{576B15E2-707D-4F94-A48E-EB91D1CECA27}.Debug|x86.ActiveCfg = Debug|Any CPU
		{576B15E2-707D-4F94-A48E-EB91D1CECA27}.Release|Any CPU.ActiveCfg = Release|Any CPU
		{576B15E2-707D-4F94-A48E-EB91D1CECA27}.Release|Any CPU.Build.0 = Release|Any CPU
		{576B15E2-707D-4F94-A48E-EB91D1CECA27}.Release|Mixed Platforms.ActiveCfg = Release|Any CPU
		{576B15E2-707D-4F94-A48E-EB91D1CECA27}.Release|Mixed Platforms.Build.0 = Release|Any CPU
		{576B15E2-707D-4F94-A48E-EB91D1CECA27}.Release|x64.ActiveCfg = Release|Any CPU
		{576B15E2-707D-4F94-A48E-EB91D1CECA27}.Release|x86.ActiveCfg = Release|Any CPU
	EndGlobalSection
	GlobalSection(SolutionProperties) = preSolution
		HideSolutionNode = FALSE
	EndGlobalSection
EndGlobal
